
Microsoft Visual Studio Solution File, Format Version 12.00
# Visual Studio Version 17
VisualStudioVersion = 17.8.34316.72
MinimumVisualStudioVersion = 10.0.40219.1
Project("{FAE04EC0-301F-11D3-BF4B-00C04F79EFBC}") = "CulinaryOasis", "CulinaryOasis\CulinaryOasis.csproj", "{4E222DC7-7C1A-4C7B-ACA5-FF745C658812}"
EndProject
Global
	GlobalSection(SolutionConfigurationPlatforms) = preSolution
		Debug|Any CPU = Debug|Any CPU
		Release|Any CPU = Release|Any CPU
	EndGlobalSection
	GlobalSection(ProjectConfigurationPlatforms) = postSolution
		{4E222DC7-7C1A-4C7B-ACA5-FF745C658812}.Debug|Any CPU.ActiveCfg = Debug|Any CPU
		{4E222DC7-7C1A-4C7B-ACA5-FF745C658812}.Debug|Any CPU.Build.0 = Debug|Any CPU
		{4E222DC7-7C1A-4C7B-ACA5-FF745C658812}.Release|Any CPU.ActiveCfg = Release|Any CPU
		{4E222DC7-7C1A-4C7B-ACA5-FF745C658812}.Release|Any CPU.Build.0 = Release|Any CPU
	EndGlobalSection
	GlobalSection(SolutionProperties) = preSolution
		HideSolutionNode = FALSE
	EndGlobalSection
	GlobalSection(ExtensibilityGlobals) = postSolution
		SolutionGuid = {53A270AE-879B-4F82-B398-14D249B2D0EC}
	EndGlobalSection
EndGlobal
